# This file is automatically @generated by Cargo.
# It is not intended for manual editing.
[[package]]
name = "LLDL"
version = "0.1.0"
dependencies = [
 "nearly_eq 0.2.4 (registry+https://github.com/rust-lang/crates.io-index)",
 "vec 0.1.0 (git+https://github.com/a-yuto/vec.git)",
]

[[package]]
name = "nearly_eq"
version = "0.2.4"
source = "registry+https://github.com/rust-lang/crates.io-index"

[[package]]
name = "vec"
version = "0.1.0"
source = "git+https://github.com/a-yuto/vec.git#86f4a182e5c9a89560b1b530e8161679f55db827"
dependencies = [
 "nearly_eq 0.2.4 (registry+https://github.com/rust-lang/crates.io-index)",
]

[metadata]
"checksum nearly_eq 0.2.4 (registry+https://github.com/rust-lang/crates.io-index)" = "a629868a433328c35d654e1e1fb4648a68a042e3c71de4e507a9bcf4602c5635"
"checksum vec 0.1.0 (git+https://github.com/a-yuto/vec.git)" = "<none>"
